
Microsoft Visual Studio Solution File, Format Version 12.00
# Visual Studio 15
VisualStudioVersion = 15.0.28010.2016
MinimumVisualStudioVersion = 10.0.40219.1
Project("{FAE04EC0-301F-11D3-BF4B-00C04F79EFBC}") = "ImageRecognitionAnnotationFormat", "ImageRecognitionAnnotationFormat\ImageRecognitionAnnotationFormat.csproj", "{3F42B0A1-9760-40E9-8CB9-07236B235E67}"
EndProject
Global
	GlobalSection(SolutionConfigurationPlatforms) = preSolution
		Debug|Any CPU = Debug|Any CPU
		Release|Any CPU = Release|Any CPU
	EndGlobalSection
	GlobalSection(ProjectConfigurationPlatforms) = postSolution
		{3F42B0A1-9760-40E9-8CB9-07236B235E67}.Debug|Any CPU.ActiveCfg = Debug|Any CPU
		{3F42B0A1-9760-40E9-8CB9-07236B235E67}.Debug|Any CPU.Build.0 = Debug|Any CPU
		{3F42B0A1-9760-40E9-8CB9-07236B235E67}.Release|Any CPU.ActiveCfg = Release|Any CPU
		{3F42B0A1-9760-40E9-8CB9-07236B235E67}.Release|Any CPU.Build.0 = Release|Any CPU
	EndGlobalSection
	GlobalSection(SolutionProperties) = preSolution
		HideSolutionNode = FALSE
	EndGlobalSection
	GlobalSection(ExtensibilityGlobals) = postSolution
		SolutionGuid = {0673363C-E3F2-4015-B990-87FA25738A7A}
	EndGlobalSection
EndGlobal
